
Microsoft Visual Studio Solution File, Format Version 12.00
# Visual Studio Version 16
VisualStudioVersion = 16.0.31613.86
MinimumVisualStudioVersion = 10.0.40219.1
Project("{FAE04EC0-301F-11D3-BF4B-00C04F79EFBC}") = "BugTracker", "BugTracker\BugTracker.csproj", "{16D18CEC-BB07-43E6-BA00-134F3265BADD}"
EndProject
Global
	GlobalSection(SolutionConfigurationPlatforms) = preSolution
		Debug|Any CPU = Debug|Any CPU
		Release|Any CPU = Release|Any CPU
	EndGlobalSection
	GlobalSection(ProjectConfigurationPlatforms) = postSolution
		{16D18CEC-BB07-43E6-BA00-134F3265BADD}.Debug|Any CPU.ActiveCfg = Debug|Any CPU
		{16D18CEC-BB07-43E6-BA00-134F3265BADD}.Debug|Any CPU.Build.0 = Debug|Any CPU
		{16D18CEC-BB07-43E6-BA00-134F3265BADD}.Release|Any CPU.ActiveCfg = Release|Any CPU
		{16D18CEC-BB07-43E6-BA00-134F3265BADD}.Release|Any CPU.Build.0 = Release|Any CPU
	EndGlobalSection
	GlobalSection(SolutionProperties) = preSolution
		HideSolutionNode = FALSE
	EndGlobalSection
	GlobalSection(ExtensibilityGlobals) = postSolution
		SolutionGuid = {7D0B2AEF-93DA-45EB-9CDE-79FA37385538}
	EndGlobalSection
EndGlobal
